<?xml version="1.0" encoding="UTF-8" standalone="yes" ?>
<CodeBlocks_project_file>
	<FileVersion major="1" minor="6" />
	<Project>
		<Option title="4981_Linux_Game" />
		<Option makefile="makefile" />
		<Option makefile_is_custom="1" />
		<Option pch_mode="2" />
		<Option compiler="gcc" />
		<Option virtualFolders="src/;" />
		<Build>
			<Target title="Debug">
				<Option output="bin/Linux_Game" prefix_auto="1" extension_auto="1" />
				<Option object_output="obj/Debug/" />
				<Option type="1" />
				<Option compiler="gcc" />
				<Compiler>
					<Add option="-g" />
					<Add directory="include" />
				</Compiler>
				<MakeCommands>
					<Build command="$make debug" />
					<CompileFile command="$make -f $makefile $file" />
					<Clean command="$make -f $makefile clean" />
					<DistClean command="$make -f $makefile distclean$target" />
					<AskRebuildNeeded command="$make -q -f $makefile" />
					<SilentBuild command="$make debug &gt; $(CMD_NULL)" />
				</MakeCommands>
			</Target>
			<Target title="Release">
				<Option output="bin/Release/4981_Linux_Game" prefix_auto="1" extension_auto="1" />
				<Option object_output="obj/Release/" />
				<Option type="1" />
				<Option compiler="gcc" />
				<Compiler>
					<Add option="-O2" />
					<Add directory="include" />
				</Compiler>
				<Linker>
					<Add option="-s" />
				</Linker>
			</Target>
		</Build>
		<Compiler>
			<Add option="-Wall" />
			<Add option="-g" />
		</Compiler>
		<Unit filename="bin/Linux_Game.d" />
		<Unit filename="src/AudioManager.cpp" />
		<Unit filename="src/AudioManager.h" />
		<Unit filename="src/Barricade.cpp" />
		<Unit filename="src/Barricade.h" />
		<Unit filename="src/Base.cpp" />
		<Unit filename="src/Base.h" />
		<Unit filename="src/Camera.cpp" />
		<Unit filename="src/Camera.h" />
		<Unit filename="src/CollisionHandler.cpp" />
		<Unit filename="src/CollisionHandler.h" />
		<Unit filename="src/Entity.cpp" />
		<Unit filename="src/Entity.h" />
		<Unit filename="src/Game.cpp" />
		<Unit filename="src/Game.h" />
		<Unit filename="src/GameManager.cpp" />
		<Unit filename="src/GameManager.h" />
		<Unit filename="src/GameState.h" />
		<Unit filename="src/GameStateMatch.cpp" />
		<Unit filename="src/GameStateMatch.h" />
		<Unit filename="src/GameStateMenu.cpp" />
		<Unit filename="src/GameStateMenu.h" />
		<Unit filename="src/HandGun.cpp" />
		<Unit filename="src/HandGun.h" />
		<Unit filename="src/HitBox.cpp" />
		<Unit filename="src/HitBox.h" />
		<Unit filename="src/Inventory.cpp" />
		<Unit filename="src/Inventory.h" />
		<Unit filename="src/LTexture.cpp" />
		<Unit filename="src/LTexture.h" />
		<Unit filename="src/LTimer.cpp" />
		<Unit filename="src/LTimer.h" />
		<Unit filename="src/Level.cpp" />
		<Unit filename="src/Level.h" />
		<Unit filename="src/Marine.cpp" />
		<Unit filename="src/Marine.h" />
		<Unit filename="src/Movable.cpp" />
		<Unit filename="src/Movable.h" />
		<Unit filename="src/Object.cpp" />
		<Unit filename="src/Object.h" />
		<Unit filename="src/Player.cpp" />
		<Unit filename="src/Player.h" />
		<Unit filename="src/Quadtree.cpp" />
		<Unit filename="src/Quadtree.h" />
		<Unit filename="src/Rifle.cpp" />
		<Unit filename="src/Rifle.h" />
		<Unit filename="src/ShotGun.cpp" />
		<Unit filename="src/ShotGun.h" />
		<Unit filename="src/Turret.cpp" />
		<Unit filename="src/Turret.h" />
		<Unit filename="src/Weapon.cpp" />
		<Unit filename="src/Weapon.h" />
		<Unit filename="src/WeaponDrop.cpp" />
		<Unit filename="src/WeaponDrop.h" />
		<Unit filename="src/Window.cpp" />
		<Unit filename="src/Window.h" />
		<Unit filename="src/Zombie.cpp" />
		<Unit filename="src/Zombie.h" />
		<Unit filename="src/main.cpp" />
		<Extensions>
			<code_completion />
			<debugger />
		</Extensions>
	</Project>
</CodeBlocks_project_file>
